
Microsoft Visual Studio Solution File, Format Version 12.00
# Visual Studio 15
VisualStudioVersion = 15.0.28307.1000
MinimumVisualStudioVersion = 10.0.40219.1
Project("{8BC9CEB8-8B4A-11D0-8D11-00A0C91BC942}") = "jaguarface", "jaguarface.vcxproj", "{D80AEA48-2CD5-4B29-8C56-0082C23A0A7B}"
EndProject
Project("{2150E333-8FDC-42A3-9474-1A3956D46DE8}") = "props", "props", "{47D030FD-C5E2-4566-8A95-020E88F5424A}"
	ProjectSection(SolutionItems) = preProject
		..\CommonSettings.props = ..\CommonSettings.props
	EndProjectSection
EndProject
Global
	GlobalSection(SolutionConfigurationPlatforms) = preSolution
		Debug|x64 = Debug|x64
		Debug|x86 = Debug|x86
		Release|x64 = Release|x64
		Release|x86 = Release|x86
	EndGlobalSection
	GlobalSection(ProjectConfigurationPlatforms) = postSolution
		{D80AEA48-2CD5-4B29-8C56-0082C23A0A7B}.Debug|x64.ActiveCfg = Debug|x64
		{D80AEA48-2CD5-4B29-8C56-0082C23A0A7B}.Debug|x64.Build.0 = Debug|x64
		{D80AEA48-2CD5-4B29-8C56-0082C23A0A7B}.Debug|x86.ActiveCfg = Debug|Win32
		{D80AEA48-2CD5-4B29-8C56-0082C23A0A7B}.Debug|x86.Build.0 = Debug|Win32
		{D80AEA48-2CD5-4B29-8C56-0082C23A0A7B}.Release|x64.ActiveCfg = Release|x64
		{D80AEA48-2CD5-4B29-8C56-0082C23A0A7B}.Release|x64.Build.0 = Release|x64
		{D80AEA48-2CD5-4B29-8C56-0082C23A0A7B}.Release|x86.ActiveCfg = Release|Win32
		{D80AEA48-2CD5-4B29-8C56-0082C23A0A7B}.Release|x86.Build.0 = Release|Win32
	EndGlobalSection
	GlobalSection(SolutionProperties) = preSolution
		HideSolutionNode = FALSE
	EndGlobalSection
	GlobalSection(ExtensibilityGlobals) = postSolution
		SolutionGuid = {ACE5193A-8EB7-4A0E-8AC5-9A64FD7C7450}
	EndGlobalSection
EndGlobal
